
Microsoft Visual Studio Solution File, Format Version 12.00
# Visual Studio Version 16
VisualStudioVersion = 16.0.29519.87
MinimumVisualStudioVersion = 10.0.40219.1
Project("{FAE04EC0-301F-11D3-BF4B-00C04F79EFBC}") = "TelephoneDirectoryApp", "TelephoneDirectoryApp.csproj", "{60DF34AB-6993-4235-AECC-C65F106031F1}"
EndProject
Project("{FAE04EC0-301F-11D3-BF4B-00C04F79EFBC}") = "TelephoneDirectoryApp.Test", "..\TelephoneDirectoryApp.Test\TelephoneDirectoryApp.Test.csproj", "{BFE37D64-8226-481C-AFC9-03815E329E64}"
EndProject
Global
	GlobalSection(SolutionConfigurationPlatforms) = preSolution
		Debug|Any CPU = Debug|Any CPU
		Release|Any CPU = Release|Any CPU
	EndGlobalSection
	GlobalSection(ProjectConfigurationPlatforms) = postSolution
		{60DF34AB-6993-4235-AECC-C65F106031F1}.Debug|Any CPU.ActiveCfg = Debug|Any CPU
		{60DF34AB-6993-4235-AECC-C65F106031F1}.Debug|Any CPU.Build.0 = Debug|Any CPU
		{60DF34AB-6993-4235-AECC-C65F106031F1}.Release|Any CPU.ActiveCfg = Release|Any CPU
		{60DF34AB-6993-4235-AECC-C65F106031F1}.Release|Any CPU.Build.0 = Release|Any CPU
		{BFE37D64-8226-481C-AFC9-03815E329E64}.Debug|Any CPU.ActiveCfg = Debug|Any CPU
		{BFE37D64-8226-481C-AFC9-03815E329E64}.Debug|Any CPU.Build.0 = Debug|Any CPU
		{BFE37D64-8226-481C-AFC9-03815E329E64}.Release|Any CPU.ActiveCfg = Release|Any CPU
		{BFE37D64-8226-481C-AFC9-03815E329E64}.Release|Any CPU.Build.0 = Release|Any CPU
	EndGlobalSection
	GlobalSection(SolutionProperties) = preSolution
		HideSolutionNode = FALSE
	EndGlobalSection
	GlobalSection(ExtensibilityGlobals) = postSolution
		SolutionGuid = {129D7EF6-F45C-40EC-838A-D2F8915F9F00}
	EndGlobalSection
EndGlobal
